
Microsoft Visual Studio Solution File, Format Version 12.00
# Visual Studio 15
VisualStudioVersion = 15.0.27004.2005
MinimumVisualStudioVersion = 10.0.40219.1
Project("{8BC9CEB8-8B4A-11D0-8D11-00A0C91BC942}") = "test1", "test1\test1.vcxproj", "{52D30002-59EC-45DE-9426-8F29C75B0C36}"
EndProject
Project("{8BC9CEB8-8B4A-11D0-8D11-00A0C91BC942}") = "1001", "1001\1001.vcxproj", "{59E23696-3F77-41AA-8F86-AB15E471CC60}"
EndProject
Project("{8BC9CEB8-8B4A-11D0-8D11-00A0C91BC942}") = "1002", "1002\1002.vcxproj", "{AA9FA3BD-99FC-481F-811B-6BB7A35CEBE9}"
EndProject
Project("{8BC9CEB8-8B4A-11D0-8D11-00A0C91BC942}") = "1003", "1003\1003.vcxproj", "{8B5228FF-F0EA-4A46-A13A-06092464FA25}"
EndProject
Project("{8BC9CEB8-8B4A-11D0-8D11-00A0C91BC942}") = "isPrime", "isPrime\isPrime.vcxproj", "{260A5910-964A-4CF2-9B12-969E57AAB86E}"
EndProject
Project("{8BC9CEB8-8B4A-11D0-8D11-00A0C91BC942}") = "1004", "1004\1004.vcxproj", "{A10309BD-68C1-44E2-9433-AEFE4DC52A0A}"
EndProject
Project("{8BC9CEB8-8B4A-11D0-8D11-00A0C91BC942}") = "1005", "1005\1005.vcxproj", "{53D547FE-A1F7-4B14-AFE4-754B9CABC46F}"
EndProject
Project("{8BC9CEB8-8B4A-11D0-8D11-00A0C91BC942}") = "1016", "1016\1016.vcxproj", "{9458252B-450B-4AE8-9DD7-C554BD6E2094}"
EndProject
Global
	GlobalSection(SolutionConfigurationPlatforms) = preSolution
		Debug|x64 = Debug|x64
		Debug|x86 = Debug|x86
		Release|x64 = Release|x64
		Release|x86 = Release|x86
	EndGlobalSection
	GlobalSection(ProjectConfigurationPlatforms) = postSolution
		{52D30002-59EC-45DE-9426-8F29C75B0C36}.Debug|x64.ActiveCfg = Debug|x64
		{52D30002-59EC-45DE-9426-8F29C75B0C36}.Debug|x64.Build.0 = Debug|x64
		{52D30002-59EC-45DE-9426-8F29C75B0C36}.Debug|x86.ActiveCfg = Debug|Win32
		{52D30002-59EC-45DE-9426-8F29C75B0C36}.Debug|x86.Build.0 = Debug|Win32
		{52D30002-59EC-45DE-9426-8F29C75B0C36}.Release|x64.ActiveCfg = Release|x64
		{52D30002-59EC-45DE-9426-8F29C75B0C36}.Release|x64.Build.0 = Release|x64
		{52D30002-59EC-45DE-9426-8F29C75B0C36}.Release|x86.ActiveCfg = Release|Win32
		{52D30002-59EC-45DE-9426-8F29C75B0C36}.Release|x86.Build.0 = Release|Win32
		{59E23696-3F77-41AA-8F86-AB15E471CC60}.Debug|x64.ActiveCfg = Debug|x64
		{59E23696-3F77-41AA-8F86-AB15E471CC60}.Debug|x64.Build.0 = Debug|x64
		{59E23696-3F77-41AA-8F86-AB15E471CC60}.Debug|x86.ActiveCfg = Debug|Win32
		{59E23696-3F77-41AA-8F86-AB15E471CC60}.Debug|x86.Build.0 = Debug|Win32
		{59E23696-3F77-41AA-8F86-AB15E471CC60}.Release|x64.ActiveCfg = Release|x64
		{59E23696-3F77-41AA-8F86-AB15E471CC60}.Release|x64.Build.0 = Release|x64
		{59E23696-3F77-41AA-8F86-AB15E471CC60}.Release|x86.ActiveCfg = Release|Win32
		{59E23696-3F77-41AA-8F86-AB15E471CC60}.Release|x86.Build.0 = Release|Win32
		{AA9FA3BD-99FC-481F-811B-6BB7A35CEBE9}.Debug|x64.ActiveCfg = Debug|x64
		{AA9FA3BD-99FC-481F-811B-6BB7A35CEBE9}.Debug|x64.Build.0 = Debug|x64
		{AA9FA3BD-99FC-481F-811B-6BB7A35CEBE9}.Debug|x86.ActiveCfg = Debug|Win32
		{AA9FA3BD-99FC-481F-811B-6BB7A35CEBE9}.Debug|x86.Build.0 = Debug|Win32
		{AA9FA3BD-99FC-481F-811B-6BB7A35CEBE9}.Release|x64.ActiveCfg = Release|x64
		{AA9FA3BD-99FC-481F-811B-6BB7A35CEBE9}.Release|x64.Build.0 = Release|x64
		{AA9FA3BD-99FC-481F-811B-6BB7A35CEBE9}.Release|x86.ActiveCfg = Release|Win32
		{AA9FA3BD-99FC-481F-811B-6BB7A35CEBE9}.Release|x86.Build.0 = Release|Win32
		{8B5228FF-F0EA-4A46-A13A-06092464FA25}.Debug|x64.ActiveCfg = Debug|x64
		{8B5228FF-F0EA-4A46-A13A-06092464FA25}.Debug|x64.Build.0 = Debug|x64
		{8B5228FF-F0EA-4A46-A13A-06092464FA25}.Debug|x86.ActiveCfg = Debug|Win32
		{8B5228FF-F0EA-4A46-A13A-06092464FA25}.Debug|x86.Build.0 = Debug|Win32
		{8B5228FF-F0EA-4A46-A13A-06092464FA25}.Release|x64.ActiveCfg = Release|x64
		{8B5228FF-F0EA-4A46-A13A-06092464FA25}.Release|x64.Build.0 = Release|x64
		{8B5228FF-F0EA-4A46-A13A-06092464FA25}.Release|x86.ActiveCfg = Release|Win32
		{8B5228FF-F0EA-4A46-A13A-06092464FA25}.Release|x86.Build.0 = Release|Win32
		{260A5910-964A-4CF2-9B12-969E57AAB86E}.Debug|x64.ActiveCfg = Debug|x64
		{260A5910-964A-4CF2-9B12-969E57AAB86E}.Debug|x64.Build.0 = Debug|x64
		{260A5910-964A-4CF2-9B12-969E57AAB86E}.Debug|x86.ActiveCfg = Debug|Win32
		{260A5910-964A-4CF2-9B12-969E57AAB86E}.Debug|x86.Build.0 = Debug|Win32
		{260A5910-964A-4CF2-9B12-969E57AAB86E}.Release|x64.ActiveCfg = Release|x64
		{260A5910-964A-4CF2-9B12-969E57AAB86E}.Release|x64.Build.0 = Release|x64
		{260A5910-964A-4CF2-9B12-969E57AAB86E}.Release|x86.ActiveCfg = Release|Win32
		{260A5910-964A-4CF2-9B12-969E57AAB86E}.Release|x86.Build.0 = Release|Win32
		{A10309BD-68C1-44E2-9433-AEFE4DC52A0A}.Debug|x64.ActiveCfg = Debug|x64
		{A10309BD-68C1-44E2-9433-AEFE4DC52A0A}.Debug|x64.Build.0 = Debug|x64
		{A10309BD-68C1-44E2-9433-AEFE4DC52A0A}.Debug|x86.ActiveCfg = Debug|Win32
		{A10309BD-68C1-44E2-9433-AEFE4DC52A0A}.Debug|x86.Build.0 = Debug|Win32
		{A10309BD-68C1-44E2-9433-AEFE4DC52A0A}.Release|x64.ActiveCfg = Release|x64
		{A10309BD-68C1-44E2-9433-AEFE4DC52A0A}.Release|x64.Build.0 = Release|x64
		{A10309BD-68C1-44E2-9433-AEFE4DC52A0A}.Release|x86.ActiveCfg = Release|Win32
		{A10309BD-68C1-44E2-9433-AEFE4DC52A0A}.Release|x86.Build.0 = Release|Win32
		{53D547FE-A1F7-4B14-AFE4-754B9CABC46F}.Debug|x64.ActiveCfg = Debug|x64
		{53D547FE-A1F7-4B14-AFE4-754B9CABC46F}.Debug|x64.Build.0 = Debug|x64
		{53D547FE-A1F7-4B14-AFE4-754B9CABC46F}.Debug|x86.ActiveCfg = Debug|Win32
		{53D547FE-A1F7-4B14-AFE4-754B9CABC46F}.Debug|x86.Build.0 = Debug|Win32
		{53D547FE-A1F7-4B14-AFE4-754B9CABC46F}.Release|x64.ActiveCfg = Release|x64
		{53D547FE-A1F7-4B14-AFE4-754B9CABC46F}.Release|x64.Build.0 = Release|x64
		{53D547FE-A1F7-4B14-AFE4-754B9CABC46F}.Release|x86.ActiveCfg = Release|Win32
		{53D547FE-A1F7-4B14-AFE4-754B9CABC46F}.Release|x86.Build.0 = Release|Win32
		{9458252B-450B-4AE8-9DD7-C554BD6E2094}.Debug|x64.ActiveCfg = Debug|x64
		{9458252B-450B-4AE8-9DD7-C554BD6E2094}.Debug|x64.Build.0 = Debug|x64
		{9458252B-450B-4AE8-9DD7-C554BD6E2094}.Debug|x86.ActiveCfg = Debug|Win32
		{9458252B-450B-4AE8-9DD7-C554BD6E2094}.Debug|x86.Build.0 = Debug|Win32
		{9458252B-450B-4AE8-9DD7-C554BD6E2094}.Release|x64.ActiveCfg = Release|x64
		{9458252B-450B-4AE8-9DD7-C554BD6E2094}.Release|x64.Build.0 = Release|x64
		{9458252B-450B-4AE8-9DD7-C554BD6E2094}.Release|x86.ActiveCfg = Release|Win32
		{9458252B-450B-4AE8-9DD7-C554BD6E2094}.Release|x86.Build.0 = Release|Win32
	EndGlobalSection
	GlobalSection(SolutionProperties) = preSolution
		HideSolutionNode = FALSE
	EndGlobalSection
	GlobalSection(ExtensibilityGlobals) = postSolution
		SolutionGuid = {B56E4BC3-1488-4AA6-AECA-85C3DBAA01DB}
	EndGlobalSection
EndGlobal
